{
  "version": "4",
  "specifiers": {
    "jsr:@std/cli@*": "1.0.16",
    "jsr:@std/cli@^1.0.16": "1.0.16"
  },
  "jsr": {
    "@std/cli@1.0.16": {
      "integrity": "02df293099c35b9e97d8ca05f57f54bd1ee08134f25d19a4756b3924695f4b00"
    }
  },
  "workspace": {
    "dependencies": [
      "jsr:@std/cli@^1.0.16"
    ]
  }
}
